
Microsoft Visual Studio Solution File, Format Version 12.00
# Visual Studio 14
VisualStudioVersion = 14.0.25420.1
MinimumVisualStudioVersion = 10.0.40219.1
Project("{FAE04EC0-301F-11D3-BF4B-00C04F79EFBC}") = "CommandPump", "CommandPump\CommandPump.csproj", "{D96397D7-1FB5-4B19-A962-6FBAD30543DB}"
EndProject
Project("{FAE04EC0-301F-11D3-BF4B-00C04F79EFBC}") = "CommandPump.Msmq", "CommandPump.Msmq\CommandPump.Msmq.csproj", "{EFC3946C-993B-409A-8764-E11684887E8F}"
EndProject
Project("{FAE04EC0-301F-11D3-BF4B-00C04F79EFBC}") = "CommandPump.WindowsServiceBus", "CommandPump.WindowsServiceBus\CommandPump.WindowsServiceBus.csproj", "{EBA721B4-A246-45C6-B655-4EA18B0EA1C2}"
EndProject
Project("{FAE04EC0-301F-11D3-BF4B-00C04F79EFBC}") = "CommandPump.Common", "CommandPump.Contract\CommandPump.Common.csproj", "{A010394B-CD84-404B-9D4B-6EEE79B16EBE}"
EndProject
Global
	GlobalSection(SolutionConfigurationPlatforms) = preSolution
		Debug|Any CPU = Debug|Any CPU
		Release|Any CPU = Release|Any CPU
	EndGlobalSection
	GlobalSection(ProjectConfigurationPlatforms) = postSolution
		{D96397D7-1FB5-4B19-A962-6FBAD30543DB}.Debug|Any CPU.ActiveCfg = Debug|Any CPU
		{D96397D7-1FB5-4B19-A962-6FBAD30543DB}.Debug|Any CPU.Build.0 = Debug|Any CPU
		{D96397D7-1FB5-4B19-A962-6FBAD30543DB}.Release|Any CPU.ActiveCfg = Release|Any CPU
		{D96397D7-1FB5-4B19-A962-6FBAD30543DB}.Release|Any CPU.Build.0 = Release|Any CPU
		{EFC3946C-993B-409A-8764-E11684887E8F}.Debug|Any CPU.ActiveCfg = Debug|Any CPU
		{EFC3946C-993B-409A-8764-E11684887E8F}.Debug|Any CPU.Build.0 = Debug|Any CPU
		{EFC3946C-993B-409A-8764-E11684887E8F}.Release|Any CPU.ActiveCfg = Release|Any CPU
		{EFC3946C-993B-409A-8764-E11684887E8F}.Release|Any CPU.Build.0 = Release|Any CPU
		{EBA721B4-A246-45C6-B655-4EA18B0EA1C2}.Debug|Any CPU.ActiveCfg = Debug|Any CPU
		{EBA721B4-A246-45C6-B655-4EA18B0EA1C2}.Debug|Any CPU.Build.0 = Debug|Any CPU
		{EBA721B4-A246-45C6-B655-4EA18B0EA1C2}.Release|Any CPU.ActiveCfg = Release|Any CPU
		{EBA721B4-A246-45C6-B655-4EA18B0EA1C2}.Release|Any CPU.Build.0 = Release|Any CPU
		{A010394B-CD84-404B-9D4B-6EEE79B16EBE}.Debug|Any CPU.ActiveCfg = Debug|Any CPU
		{A010394B-CD84-404B-9D4B-6EEE79B16EBE}.Debug|Any CPU.Build.0 = Debug|Any CPU
		{A010394B-CD84-404B-9D4B-6EEE79B16EBE}.Release|Any CPU.ActiveCfg = Release|Any CPU
		{A010394B-CD84-404B-9D4B-6EEE79B16EBE}.Release|Any CPU.Build.0 = Release|Any CPU
	EndGlobalSection
	GlobalSection(SolutionProperties) = preSolution
		HideSolutionNode = FALSE
	EndGlobalSection
EndGlobal
